
Microsoft Visual Studio Solution File, Format Version 12.00
# Visual Studio 15
VisualStudioVersion = 15.0.27428.2005
MinimumVisualStudioVersion = 10.0.40219.1
Project("{FAE04EC0-301F-11D3-BF4B-00C04F79EFBC}") = "GreenHorn.NameParser", "GreenHorn.NameParser\GreenHorn.NameParser.csproj", "{F7CE6F8D-0FA8-46EB-95EB-3553D1F0885A}"
EndProject
Project("{FAE04EC0-301F-11D3-BF4B-00C04F79EFBC}") = "GreenHorn.NameParser.Tests", "GreenHorn.NameParser.Tests\GreenHorn.NameParser.Tests.csproj", "{D024ED9A-DB8A-456A-A767-5817AFFD161C}"
EndProject
Global
	GlobalSection(SolutionConfigurationPlatforms) = preSolution
		Debug|Any CPU = Debug|Any CPU
		Release|Any CPU = Release|Any CPU
	EndGlobalSection
	GlobalSection(ProjectConfigurationPlatforms) = postSolution
		{F7CE6F8D-0FA8-46EB-95EB-3553D1F0885A}.Debug|Any CPU.ActiveCfg = Debug|Any CPU
		{F7CE6F8D-0FA8-46EB-95EB-3553D1F0885A}.Debug|Any CPU.Build.0 = Debug|Any CPU
		{F7CE6F8D-0FA8-46EB-95EB-3553D1F0885A}.Release|Any CPU.ActiveCfg = Release|Any CPU
		{F7CE6F8D-0FA8-46EB-95EB-3553D1F0885A}.Release|Any CPU.Build.0 = Release|Any CPU
		{D024ED9A-DB8A-456A-A767-5817AFFD161C}.Debug|Any CPU.ActiveCfg = Debug|Any CPU
		{D024ED9A-DB8A-456A-A767-5817AFFD161C}.Debug|Any CPU.Build.0 = Debug|Any CPU
		{D024ED9A-DB8A-456A-A767-5817AFFD161C}.Release|Any CPU.ActiveCfg = Release|Any CPU
		{D024ED9A-DB8A-456A-A767-5817AFFD161C}.Release|Any CPU.Build.0 = Release|Any CPU
	EndGlobalSection
	GlobalSection(SolutionProperties) = preSolution
		HideSolutionNode = FALSE
	EndGlobalSection
	GlobalSection(ExtensibilityGlobals) = postSolution
		SolutionGuid = {2C7B89EF-A161-4858-9924-59065EE02AA6}
	EndGlobalSection
EndGlobal
